// !$*UTF8*$!
{
	archiveVersion = 1;
	classes = {
	};
	objectVersion = 46;
	objects = {

/* Begin PBXBuildFile section */
		3BA2EBE513DA6CCF00F8BA8F /* SSColorSlider.m in Sources */ = {isa = PBXBuildFile; fileRef = 3BA2EBE413DA6CCF00F8BA8F /* SSColorSlider.m */; };
		41A6ECF313D9C54E00EBEB19 /* UIKit.framework in Frameworks */ = {isa = PBXBuildFile; fileRef = 41A6ECF213D9C54E00EBEB19 /* UIKit.framework */; };
		41A6ECF513D9C54E00EBEB19 /* Foundation.framework in Frameworks */ = {isa = PBXBuildFile; fileRef = 41A6ECF413D9C54E00EBEB19 /* Foundation.framework */; };
		41A6ECF713D9C54E00EBEB19 /* CoreGraphics.framework in Frameworks */ = {isa = PBXBuildFile; fileRef = 41A6ECF613D9C54E00EBEB19 /* CoreGraphics.framework */; };
		41A6ECFD13D9C54E00EBEB19 /* InfoPlist.strings in Resources */ = {isa = PBXBuildFile; fileRef = 41A6ECFB13D9C54E00EBEB19 /* InfoPlist.strings */; };
		41A6ED0013D9C54E00EBEB19 /* main.m in Sources */ = {isa = PBXBuildFile; fileRef = 41A6ECFF13D9C54E00EBEB19 /* main.m */; };
		41A6ED0313D9C54F00EBEB19 /* colorchangerAppDelegate.m in Sources */ = {isa = PBXBuildFile; fileRef = 41A6ED0213D9C54E00EBEB19 /* colorchangerAppDelegate.m */; };
		41A6ED0613D9C54F00EBEB19 /* MainWindow.xib in Resources */ = {isa = PBXBuildFile; fileRef = 41A6ED0413D9C54F00EBEB19 /* MainWindow.xib */; };
		41A6ED0913D9C54F00EBEB19 /* MainViewController.m in Sources */ = {isa = PBXBuildFile; fileRef = 41A6ED0813D9C54F00EBEB19 /* MainViewController.m */; };
		41A6ED0B13D9C54F00EBEB19 /* MainView.xib in Resources */ = {isa = PBXBuildFile; fileRef = 41A6ED0A13D9C54F00EBEB19 /* MainView.xib */; };
		41A6ED0E13D9C54F00EBEB19 /* FlipsideViewController.m in Sources */ = {isa = PBXBuildFile; fileRef = 41A6ED0D13D9C54F00EBEB19 /* FlipsideViewController.m */; };
		41A6ED1013D9C54F00EBEB19 /* FlipsideView.xib in Resources */ = {isa = PBXBuildFile; fileRef = 41A6ED0F13D9C54F00EBEB19 /* FlipsideView.xib */; };
		41A6ED1F13D9D50C00EBEB19 /* colorslider.png in Resources */ = {isa = PBXBuildFile; fileRef = 41A6ED1E13D9D50C00EBEB19 /* colorslider.png */; };
		41A6ED2113D9E1F900EBEB19 /* marker.png in Resources */ = {isa = PBXBuildFile; fileRef = 41A6ED2013D9E1F900EBEB19 /* marker.png */; };
/* End PBXBuildFile section */

/* Begin PBXFileReference section */
		3BA2EBE313DA6CCF00F8BA8F /* SSColorSlider.h */ = {isa = PBXFileReference; fileEncoding = 4; lastKnownFileType = sourcecode.c.h; path = SSColorSlider.h; sourceTree = "<group>"; };
		3BA2EBE413DA6CCF00F8BA8F /* SSColorSlider.m */ = {isa = PBXFileReference; fileEncoding = 4; lastKnownFileType = sourcecode.c.objc; path = SSColorSlider.m; sourceTree = "<group>"; };
		41A6ECEE13D9C54E00EBEB19 /* colorchanger.app */ = {isa = PBXFileReference; explicitFileType = wrapper.application; includeInIndex = 0; path = colorchanger.app; sourceTree = BUILT_PRODUCTS_DIR; };
		41A6ECF213D9C54E00EBEB19 /* UIKit.framework */ = {isa = PBXFileReference; lastKnownFileType = wrapper.framework; name = UIKit.framework; path = System/Library/Frameworks/UIKit.framework; sourceTree = SDKROOT; };
		41A6ECF413D9C54E00EBEB19 /* Foundation.framework */ = {isa = PBXFileReference; lastKnownFileType = wrapper.framework; name = Foundation.framework; path = System/Library/Frameworks/Foundation.framework; sourceTree = SDKROOT; };
		41A6ECF613D9C54E00EBEB19 /* CoreGraphics.framework */ = {isa = PBXFileReference; lastKnownFileType = wrapper.framework; name = CoreGraphics.framework; path = System/Library/Frameworks/CoreGraphics.framework; sourceTree = SDKROOT; };
		41A6ECFA13D9C54E00EBEB19 /* colorchanger-Info.plist */ = {isa = PBXFileReference; lastKnownFileType = text.plist.xml; path = "colorchanger-Info.plist"; sourceTree = "<group>"; };
		41A6ECFC13D9C54E00EBEB19 /* en */ = {isa = PBXFileReference; lastKnownFileType = text.plist.strings; name = en; path = en.lproj/InfoPlist.strings; sourceTree = "<group>"; };
		41A6ECFE13D9C54E00EBEB19 /* colorchanger-Prefix.pch */ = {isa = PBXFileReference; lastKnownFileType = sourcecode.c.h; path = "colorchanger-Prefix.pch"; sourceTree = "<group>"; };
		41A6ECFF13D9C54E00EBEB19 /* main.m */ = {isa = PBXFileReference; lastKnownFileType = sourcecode.c.objc; path = main.m; sourceTree = "<group>"; };
		41A6ED0113D9C54E00EBEB19 /* colorchangerAppDelegate.h */ = {isa = PBXFileReference; lastKnownFileType = sourcecode.c.h; path = colorchangerAppDelegate.h; sourceTree = "<group>"; };
		41A6ED0213D9C54E00EBEB19 /* colorchangerAppDelegate.m */ = {isa = PBXFileReference; lastKnownFileType = sourcecode.c.objc; path = colorchangerAppDelegate.m; sourceTree = "<group>"; };
		41A6ED0513D9C54F00EBEB19 /* en */ = {isa = PBXFileReference; lastKnownFileType = file.xib; name = en; path = en.lproj/MainWindow.xib; sourceTree = "<group>"; };
		41A6ED0713D9C54F00EBEB19 /* MainViewController.h */ = {isa = PBXFileReference; lastKnownFileType = sourcecode.c.h; path = MainViewController.h; sourceTree = "<group>"; };
		41A6ED0813D9C54F00EBEB19 /* MainViewController.m */ = {isa = PBXFileReference; lastKnownFileType = sourcecode.c.objc; path = MainViewController.m; sourceTree = "<group>"; };
		41A6ED0A13D9C54F00EBEB19 /* MainView.xib */ = {isa = PBXFileReference; lastKnownFileType = file.xib; path = MainView.xib; sourceTree = "<group>"; };
		41A6ED0C13D9C54F00EBEB19 /* FlipsideViewController.h */ = {isa = PBXFileReference; lastKnownFileType = sourcecode.c.h; path = FlipsideViewController.h; sourceTree = "<group>"; };
		41A6ED0D13D9C54F00EBEB19 /* FlipsideViewController.m */ = {isa = PBXFileReference; lastKnownFileType = sourcecode.c.objc; path = FlipsideViewController.m; sourceTree = "<group>"; };
		41A6ED0F13D9C54F00EBEB19 /* FlipsideView.xib */ = {isa = PBXFileReference; lastKnownFileType = file.xib; path = FlipsideView.xib; sourceTree = "<group>"; };
		41A6ED1E13D9D50C00EBEB19 /* colorslider.png */ = {isa = PBXFileReference; lastKnownFileType = image.png; path = colorslider.png; sourceTree = "<group>"; };
		41A6ED2013D9E1F900EBEB19 /* marker.png */ = {isa = PBXFileReference; lastKnownFileType = image.png; path = marker.png; sourceTree = "<group>"; };
/* End PBXFileReference section */

/* Begin PBXFrameworksBuildPhase section */
		41A6ECEB13D9C54E00EBEB19 /* Frameworks */ = {
			isa = PBXFrameworksBuildPhase;
			buildActionMask = 2147483647;
			files = (
				41A6ECF313D9C54E00EBEB19 /* UIKit.framework in Frameworks */,
				41A6ECF513D9C54E00EBEB19 /* Foundation.framework in Frameworks */,
				41A6ECF713D9C54E00EBEB19 /* CoreGraphics.framework in Frameworks */,
			);
			runOnlyForDeploymentPostprocessing = 0;
		};
/* End PBXFrameworksBuildPhase section */

/* Begin PBXGroup section */
		41A6ECE313D9C54E00EBEB19 = {
			isa = PBXGroup;
			children = (
				41A6ECF813D9C54E00EBEB19 /* colorchanger */,
				41A6ECF113D9C54E00EBEB19 /* Frameworks */,
				41A6ECEF13D9C54E00EBEB19 /* Products */,
			);
			sourceTree = "<group>";
		};
		41A6ECEF13D9C54E00EBEB19 /* Products */ = {
			isa = PBXGroup;
			children = (
				41A6ECEE13D9C54E00EBEB19 /* colorchanger.app */,
			);
			name = Products;
			sourceTree = "<group>";
		};
		41A6ECF113D9C54E00EBEB19 /* Frameworks */ = {
			isa = PBXGroup;
			children = (
				41A6ECF213D9C54E00EBEB19 /* UIKit.framework */,
				41A6ECF413D9C54E00EBEB19 /* Foundation.framework */,
				41A6ECF613D9C54E00EBEB19 /* CoreGraphics.framework */,
			);
			name = Frameworks;
			sourceTree = "<group>";
		};
		41A6ECF813D9C54E00EBEB19 /* colorchanger */ = {
			isa = PBXGroup;
			children = (
				41A6ED1E13D9D50C00EBEB19 /* colorslider.png */,
				41A6ED2013D9E1F900EBEB19 /* marker.png */,
				41A6ED0113D9C54E00EBEB19 /* colorchangerAppDelegate.h */,
				41A6ED0213D9C54E00EBEB19 /* colorchangerAppDelegate.m */,
				41A6ED0413D9C54F00EBEB19 /* MainWindow.xib */,
				41A6ED0713D9C54F00EBEB19 /* MainViewController.h */,
				41A6ED0813D9C54F00EBEB19 /* MainViewController.m */,
				41A6ED0A13D9C54F00EBEB19 /* MainView.xib */,
				41A6ED0C13D9C54F00EBEB19 /* FlipsideViewController.h */,
				41A6ED0D13D9C54F00EBEB19 /* FlipsideViewController.m */,
				41A6ED0F13D9C54F00EBEB19 /* FlipsideView.xib */,
				41A6ECF913D9C54E00EBEB19 /* Supporting Files */,
				3BA2EBE313DA6CCF00F8BA8F /* SSColorSlider.h */,
				3BA2EBE413DA6CCF00F8BA8F /* SSColorSlider.m */,
			);
			path = colorchanger;
			sourceTree = "<group>";
		};
		41A6ECF913D9C54E00EBEB19 /* Supporting Files */ = {
			isa = PBXGroup;
			children = (
				41A6ECFA13D9C54E00EBEB19 /* colorchanger-Info.plist */,
				41A6ECFB13D9C54E00EBEB19 /* InfoPlist.strings */,
				41A6ECFE13D9C54E00EBEB19 /* colorchanger-Prefix.pch */,
				41A6ECFF13D9C54E00EBEB19 /* main.m */,
			);
			name = "Supporting Files";
			sourceTree = "<group>";
		};
/* End PBXGroup section */

/* Begin PBXNativeTarget section */
		41A6ECED13D9C54E00EBEB19 /* colorchanger */ = {
			isa = PBXNativeTarget;
			buildConfigurationList = 41A6ED1313D9C54F00EBEB19 /* Build configuration list for PBXNativeTarget "colorchanger" */;
			buildPhases = (
				41A6ECEA13D9C54E00EBEB19 /* Sources */,
				41A6ECEB13D9C54E00EBEB19 /* Frameworks */,
				41A6ECEC13D9C54E00EBEB19 /* Resources */,
			);
			buildRules = (
			);
			dependencies = (
			);
			name = colorchanger;
			productName = colorchanger;
			productReference = 41A6ECEE13D9C54E00EBEB19 /* colorchanger.app */;
			productType = "com.apple.product-type.application";
		};
/* End PBXNativeTarget section */

/* Begin PBXProject section */
		41A6ECE513D9C54E00EBEB19 /* Project object */ = {
			isa = PBXProject;
			buildConfigurationList = 41A6ECE813D9C54E00EBEB19 /* Build configuration list for PBXProject "colorchanger" */;
			compatibilityVersion = "Xcode 3.2";
			developmentRegion = English;
			hasScannedForEncodings = 0;
			knownRegions = (
				en,
			);
			mainGroup = 41A6ECE313D9C54E00EBEB19;
			productRefGroup = 41A6ECEF13D9C54E00EBEB19 /* Products */;
			projectDirPath = "";
			projectRoot = "";
			targets = (
				41A6ECED13D9C54E00EBEB19 /* colorchanger */,
			);
		};
/* End PBXProject section */

/* Begin PBXResourcesBuildPhase section */
		41A6ECEC13D9C54E00EBEB19 /* Resources */ = {
			isa = PBXResourcesBuildPhase;
			buildActionMask = 2147483647;
			files = (
				41A6ECFD13D9C54E00EBEB19 /* InfoPlist.strings in Resources */,
				41A6ED0613D9C54F00EBEB19 /* MainWindow.xib in Resources */,
				41A6ED0B13D9C54F00EBEB19 /* MainView.xib in Resources */,
				41A6ED1013D9C54F00EBEB19 /* FlipsideView.xib in Resources */,
				41A6ED1F13D9D50C00EBEB19 /* colorslider.png in Resources */,
				41A6ED2113D9E1F900EBEB19 /* marker.png in Resources */,
			);
			runOnlyForDeploymentPostprocessing = 0;
		};
/* End PBXResourcesBuildPhase section */

/* Begin PBXSourcesBuildPhase section */
		41A6ECEA13D9C54E00EBEB19 /* Sources */ = {
			isa = PBXSourcesBuildPhase;
			buildActionMask = 2147483647;
			files = (
				41A6ED0013D9C54E00EBEB19 /* main.m in Sources */,
				41A6ED0313D9C54F00EBEB19 /* colorchangerAppDelegate.m in Sources */,
				41A6ED0913D9C54F00EBEB19 /* MainViewController.m in Sources */,
				41A6ED0E13D9C54F00EBEB19 /* FlipsideViewController.m in Sources */,
				3BA2EBE513DA6CCF00F8BA8F /* SSColorSlider.m in Sources */,
			);
			runOnlyForDeploymentPostprocessing = 0;
		};
/* End PBXSourcesBuildPhase section */

/* Begin PBXVariantGroup section */
		41A6ECFB13D9C54E00EBEB19 /* InfoPlist.strings */ = {
			isa = PBXVariantGroup;
			children = (
				41A6ECFC13D9C54E00EBEB19 /* en */,
			);
			name = InfoPlist.strings;
			sourceTree = "<group>";
		};
		41A6ED0413D9C54F00EBEB19 /* MainWindow.xib */ = {
			isa = PBXVariantGroup;
			children = (
				41A6ED0513D9C54F00EBEB19 /* en */,
			);
			name = MainWindow.xib;
			sourceTree = "<group>";
		};
/* End PBXVariantGroup section */

/* Begin XCBuildConfiguration section */
		41A6ED1113D9C54F00EBEB19 /* Debug */ = {
			isa = XCBuildConfiguration;
			buildSettings = {
				ARCHS = "$(ARCHS_STANDARD_32_BIT)";
				"CODE_SIGN_IDENTITY[sdk=iphoneos*]" = "iPhone Developer";
				GCC_C_LANGUAGE_STANDARD = gnu99;
				GCC_OPTIMIZATION_LEVEL = 0;
				GCC_PREPROCESSOR_DEFINITIONS = DEBUG;
				GCC_SYMBOLS_PRIVATE_EXTERN = NO;
				GCC_VERSION = com.apple.compilers.llvmgcc42;
				GCC_WARN_ABOUT_RETURN_TYPE = YES;
				GCC_WARN_UNUSED_VARIABLE = YES;
				IPHONEOS_DEPLOYMENT_TARGET = 4.3;
				SDKROOT = iphoneos;
			};
			name = Debug;
		};
		41A6ED1213D9C54F00EBEB19 /* Release */ = {
			isa = XCBuildConfiguration;
			buildSettings = {
				ARCHS = "$(ARCHS_STANDARD_32_BIT)";
				"CODE_SIGN_IDENTITY[sdk=iphoneos*]" = "iPhone Developer";
				GCC_C_LANGUAGE_STANDARD = gnu99;
				GCC_VERSION = com.apple.compilers.llvmgcc42;
				GCC_WARN_ABOUT_RETURN_TYPE = YES;
				GCC_WARN_UNUSED_VARIABLE = YES;
				IPHONEOS_DEPLOYMENT_TARGET = 4.3;
				OTHER_CFLAGS = "-DNS_BLOCK_ASSERTIONS=1";
				SDKROOT = iphoneos;
			};
			name = Release;
		};
		41A6ED1413D9C54F00EBEB19 /* Debug */ = {
			isa = XCBuildConfiguration;
			buildSettings = {
				ALWAYS_SEARCH_USER_PATHS = NO;
				COPY_PHASE_STRIP = NO;
				GCC_DYNAMIC_NO_PIC = NO;
				GCC_PRECOMPILE_PREFIX_HEADER = YES;
				GCC_PREFIX_HEADER = "colorchanger/colorchanger-Prefix.pch";
				INFOPLIST_FILE = "colorchanger/colorchanger-Info.plist";
				PRODUCT_NAME = "$(TARGET_NAME)";
				WRAPPER_EXTENSION = app;
			};
			name = Debug;
		};
		41A6ED1513D9C54F00EBEB19 /* Release */ = {
			isa = XCBuildConfiguration;
			buildSettings = {
				ALWAYS_SEARCH_USER_PATHS = NO;
				COPY_PHASE_STRIP = YES;
				GCC_PRECOMPILE_PREFIX_HEADER = YES;
				GCC_PREFIX_HEADER = "colorchanger/colorchanger-Prefix.pch";
				INFOPLIST_FILE = "colorchanger/colorchanger-Info.plist";
				PRODUCT_NAME = "$(TARGET_NAME)";
				VALIDATE_PRODUCT = YES;
				WRAPPER_EXTENSION = app;
			};
			name = Release;
		};
/* End XCBuildConfiguration section */

/* Begin XCConfigurationList section */
		41A6ECE813D9C54E00EBEB19 /* Build configuration list for PBXProject "colorchanger" */ = {
			isa = XCConfigurationList;
			buildConfigurations = (
				41A6ED1113D9C54F00EBEB19 /* Debug */,
				41A6ED1213D9C54F00EBEB19 /* Release */,
			);
			defaultConfigurationIsVisible = 0;
			defaultConfigurationName = Release;
		};
		41A6ED1313D9C54F00EBEB19 /* Build configuration list for PBXNativeTarget "colorchanger" */ = {
			isa = XCConfigurationList;
			buildConfigurations = (
				41A6ED1413D9C54F00EBEB19 /* Debug */,
				41A6ED1513D9C54F00EBEB19 /* Release */,
			);
			defaultConfigurationIsVisible = 0;
			defaultConfigurationName = Release;
		};
/* End XCConfigurationList section */
	};
	rootObject = 41A6ECE513D9C54E00EBEB19 /* Project object */;
}
